// !$*UTF8*$!
{
	archiveVersion = 1;
	classes = {
	};
	objectVersion = 46;
	objects = {

/* Begin PBXBuildFile section */
		16051C1B1BCE59B700FEFED9 /* AppDelegate.swift in Sources */ = {isa = PBXBuildFile; fileRef = 16051C1A1BCE59B700FEFED9 /* AppDelegate.swift */; };
		16051C1D1BCE59B700FEFED9 /* ViewController.swift in Sources */ = {isa = PBXBuildFile; fileRef = 16051C1C1BCE59B700FEFED9 /* ViewController.swift */; };
		16051C201BCE59B700FEFED9 /* Main.storyboard in Resources */ = {isa = PBXBuildFile; fileRef = 16051C1E1BCE59B700FEFED9 /* Main.storyboard */; };
		16051C221BCE59B700FEFED9 /* Assets.xcassets in Resources */ = {isa = PBXBuildFile; fileRef = 16051C211BCE59B700FEFED9 /* Assets.xcassets */; };
		16051C251BCE59B700FEFED9 /* LaunchScreen.storyboard in Resources */ = {isa = PBXBuildFile; fileRef = 16051C231BCE59B700FEFED9 /* LaunchScreen.storyboard */; };
/* End PBXBuildFile section */

/* Begin PBXFileReference section */
		16051C171BCE59B700FEFED9 /* PokeDex.app */ = {isa = PBXFileReference; explicitFileType = wrapper.application; includeInIndex = 0; path = PokeDex.app; sourceTree = BUILT_PRODUCTS_DIR; };
		16051C1A1BCE59B700FEFED9 /* AppDelegate.swift */ = {isa = PBXFileReference; lastKnownFileType = sourcecode.swift; path = AppDelegate.swift; sourceTree = "<group>"; };
		16051C1C1BCE59B700FEFED9 /* ViewController.swift */ = {isa = PBXFileReference; lastKnownFileType = sourcecode.swift; path = ViewController.swift; sourceTree = "<group>"; };
		16051C1F1BCE59B700FEFED9 /* Base */ = {isa = PBXFileReference; lastKnownFileType = file.storyboard; name = Base; path = Base.lproj/Main.storyboard; sourceTree = "<group>"; };
		16051C211BCE59B700FEFED9 /* Assets.xcassets */ = {isa = PBXFileReference; lastKnownFileType = folder.assetcatalog; path = Assets.xcassets; sourceTree = "<group>"; };
		16051C241BCE59B700FEFED9 /* Base */ = {isa = PBXFileReference; lastKnownFileType = file.storyboard; name = Base; path = Base.lproj/LaunchScreen.storyboard; sourceTree = "<group>"; };
		16051C261BCE59B700FEFED9 /* Info.plist */ = {isa = PBXFileReference; lastKnownFileType = text.plist.xml; path = Info.plist; sourceTree = "<group>"; };
/* End PBXFileReference section */

/* Begin PBXFrameworksBuildPhase section */
		16051C141BCE59B700FEFED9 /* Frameworks */ = {
			isa = PBXFrameworksBuildPhase;
			buildActionMask = 2147483647;
			files = (
			);
			runOnlyForDeploymentPostprocessing = 0;
		};
/* End PBXFrameworksBuildPhase section */

/* Begin PBXGroup section */
		16051C0E1BCE59B700FEFED9 = {
			isa = PBXGroup;
			children = (
				16051C191BCE59B700FEFED9 /* PokeDex */,
				16051C181BCE59B700FEFED9 /* Products */,
			);
			sourceTree = "<group>";
		};
		16051C181BCE59B700FEFED9 /* Products */ = {
			isa = PBXGroup;
			children = (
				16051C171BCE59B700FEFED9 /* PokeDex.app */,
			);
			name = Products;
			sourceTree = "<group>";
		};
		16051C191BCE59B700FEFED9 /* PokeDex */ = {
			isa = PBXGroup;
			children = (
				16051C1A1BCE59B700FEFED9 /* AppDelegate.swift */,
				16051C1C1BCE59B700FEFED9 /* ViewController.swift */,
				16051C1E1BCE59B700FEFED9 /* Main.storyboard */,
				16051C211BCE59B700FEFED9 /* Assets.xcassets */,
				16051C231BCE59B700FEFED9 /* LaunchScreen.storyboard */,
				16051C261BCE59B700FEFED9 /* Info.plist */,
			);
			path = PokeDex;
			sourceTree = "<group>";
		};
/* End PBXGroup section */

/* Begin PBXNativeTarget section */
		16051C161BCE59B700FEFED9 /* PokeDex */ = {
			isa = PBXNativeTarget;
			buildConfigurationList = 16051C291BCE59B700FEFED9 /* Build configuration list for PBXNativeTarget "PokeDex" */;
			buildPhases = (
				16051C131BCE59B700FEFED9 /* Sources */,
				16051C141BCE59B700FEFED9 /* Frameworks */,
				16051C151BCE59B700FEFED9 /* Resources */,
			);
			buildRules = (
			);
			dependencies = (
			);
			name = PokeDex;
			productName = PokeDex;
			productReference = 16051C171BCE59B700FEFED9 /* PokeDex.app */;
			productType = "com.apple.product-type.application";
		};
/* End PBXNativeTarget section */

/* Begin PBXProject section */
		16051C0F1BCE59B700FEFED9 /* Project object */ = {
			isa = PBXProject;
			attributes = {
				LastUpgradeCheck = 0700;
				ORGANIZATIONNAME = "Tamer ElMetwally";
				TargetAttributes = {
					16051C161BCE59B700FEFED9 = {
						CreatedOnToolsVersion = 7.0.1;
					};
				};
			};
			buildConfigurationList = 16051C121BCE59B700FEFED9 /* Build configuration list for PBXProject "PokeDex" */;
			compatibilityVersion = "Xcode 3.2";
			developmentRegion = English;
			hasScannedForEncodings = 0;
			knownRegions = (
				en,
				Base,
			);
			mainGroup = 16051C0E1BCE59B700FEFED9;
			productRefGroup = 16051C181BCE59B700FEFED9 /* Products */;
			projectDirPath = "";
			projectRoot = "";
			targets = (
				16051C161BCE59B700FEFED9 /* PokeDex */,
			);
		};
/* End PBXProject section */

/* Begin PBXResourcesBuildPhase section */
		16051C151BCE59B700FEFED9 /* Resources */ = {
			isa = PBXResourcesBuildPhase;
			buildActionMask = 2147483647;
			files = (
				16051C251BCE59B700FEFED9 /* LaunchScreen.storyboard in Resources */,
				16051C221BCE59B700FEFED9 /* Assets.xcassets in Resources */,
				16051C201BCE59B700FEFED9 /* Main.storyboard in Resources */,
			);
			runOnlyForDeploymentPostprocessing = 0;
		};
/* End PBXResourcesBuildPhase section */

/* Begin PBXSourcesBuildPhase section */
		16051C131BCE59B700FEFED9 /* Sources */ = {
			isa = PBXSourcesBuildPhase;
			buildActionMask = 2147483647;
			files = (
				16051C1D1BCE59B700FEFED9 /* ViewController.swift in Sources */,
				16051C1B1BCE59B700FEFED9 /* AppDelegate.swift in Sources */,
			);
			runOnlyForDeploymentPostprocessing = 0;
		};
/* End PBXSourcesBuildPhase section */

/* Begin PBXVariantGroup section */
		16051C1E1BCE59B700FEFED9 /* Main.storyboard */ = {
			isa = PBXVariantGroup;
			children = (
				16051C1F1BCE59B700FEFED9 /* Base */,
			);
			name = Main.storyboard;
			sourceTree = "<group>";
		};
		16051C231BCE59B700FEFED9 /* LaunchScreen.storyboard */ = {
			isa = PBXVariantGroup;
			children = (
				16051C241BCE59B700FEFED9 /* Base */,
			);
			name = LaunchScreen.storyboard;
			sourceTree = "<group>";
		};
/* End PBXVariantGroup section */

/* Begin XCBuildConfiguration section */
		16051C271BCE59B700FEFED9 /* Debug */ = {
			isa = XCBuildConfiguration;
			buildSettings = {
				ALWAYS_SEARCH_USER_PATHS = NO;
				CLANG_CXX_LANGUAGE_STANDARD = "gnu++0x";
				CLANG_CXX_LIBRARY = "libc++";
				CLANG_ENABLE_MODULES = YES;
				CLANG_ENABLE_OBJC_ARC = YES;
				CLANG_WARN_BOOL_CONVERSION = YES;
				CLANG_WARN_CONSTANT_CONVERSION = YES;
				CLANG_WARN_DIRECT_OBJC_ISA_USAGE = YES_ERROR;
				CLANG_WARN_EMPTY_BODY = YES;
				CLANG_WARN_ENUM_CONVERSION = YES;
				CLANG_WARN_INT_CONVERSION = YES;
				CLANG_WARN_OBJC_ROOT_CLASS = YES_ERROR;
				CLANG_WARN_UNREACHABLE_CODE = YES;
				CLANG_WARN__DUPLICATE_METHOD_MATCH = YES;
				"CODE_SIGN_IDENTITY[sdk=iphoneos*]" = "iPhone Developer";
				COPY_PHASE_STRIP = NO;
				DEBUG_INFORMATION_FORMAT = dwarf;
				ENABLE_STRICT_OBJC_MSGSEND = YES;
				ENABLE_TESTABILITY = YES;
				GCC_C_LANGUAGE_STANDARD = gnu99;
				GCC_DYNAMIC_NO_PIC = NO;
				GCC_NO_COMMON_BLOCKS = YES;
				GCC_OPTIMIZATION_LEVEL = 0;
				GCC_PREPROCESSOR_DEFINITIONS = (
					"DEBUG=1",
					"$(inherited)",
				);
				GCC_WARN_64_TO_32_BIT_CONVERSION = YES;
				GCC_WARN_ABOUT_RETURN_TYPE = YES_ERROR;
				GCC_WARN_UNDECLARED_SELECTOR = YES;
				GCC_WARN_UNINITIALIZED_AUTOS = YES_AGGRESSIVE;
				GCC_WARN_UNUSED_FUNCTION = YES;
				GCC_WARN_UNUSED_VARIABLE = YES;
				IPHONEOS_DEPLOYMENT_TARGET = 9.0;
				MTL_ENABLE_DEBUG_INFO = YES;
				ONLY_ACTIVE_ARCH = YES;
				SDKROOT = iphoneos;
				SWIFT_OPTIMIZATION_LEVEL = "-Onone";
				TARGETED_DEVICE_FAMILY = "1,2";
			};
			name = Debug;
		};
		16051C281BCE59B700FEFED9 /* Release */ = {
			isa = XCBuildConfiguration;
			buildSettings = {
				ALWAYS_SEARCH_USER_PATHS = NO;
				CLANG_CXX_LANGUAGE_STANDARD = "gnu++0x";
				CLANG_CXX_LIBRARY = "libc++";
				CLANG_ENABLE_MODULES = YES;
				CLANG_ENABLE_OBJC_ARC = YES;
				CLANG_WARN_BOOL_CONVERSION = YES;
				CLANG_WARN_CONSTANT_CONVERSION = YES;
				CLANG_WARN_DIRECT_OBJC_ISA_USAGE = YES_ERROR;
				CLANG_WARN_EMPTY_BODY = YES;
				CLANG_WARN_ENUM_CONVERSION = YES;
				CLANG_WARN_INT_CONVERSION = YES;
				CLANG_WARN_OBJC_ROOT_CLASS = YES_ERROR;
				CLANG_WARN_UNREACHABLE_CODE = YES;
				CLANG_WARN__DUPLICATE_METHOD_MATCH = YES;
				"CODE_SIGN_IDENTITY[sdk=iphoneos*]" = "iPhone Developer";
				COPY_PHASE_STRIP = NO;
				DEBUG_INFORMATION_FORMAT = "dwarf-with-dsym";
				ENABLE_NS_ASSERTIONS = NO;
				ENABLE_STRICT_OBJC_MSGSEND = YES;
				GCC_C_LANGUAGE_STANDARD = gnu99;
				GCC_NO_COMMON_BLOCKS = YES;
				GCC_WARN_64_TO_32_BIT_CONVERSION = YES;
				GCC_WARN_ABOUT_RETURN_TYPE = YES_ERROR;
				GCC_WARN_UNDECLARED_SELECTOR = YES;
				GCC_WARN_UNINITIALIZED_AUTOS = YES_AGGRESSIVE;
				GCC_WARN_UNUSED_FUNCTION = YES;
				GCC_WARN_UNUSED_VARIABLE = YES;
				IPHONEOS_DEPLOYMENT_TARGET = 9.0;
				MTL_ENABLE_DEBUG_INFO = NO;
				SDKROOT = iphoneos;
				TARGETED_DEVICE_FAMILY = "1,2";
				VALIDATE_PRODUCT = YES;
			};
			name = Release;
		};
		16051C2A1BCE59B700FEFED9 /* Debug */ = {
			isa = XCBuildConfiguration;
			buildSettings = {
				ASSETCATALOG_COMPILER_APPICON_NAME = AppIcon;
				INFOPLIST_FILE = PokeDex/Info.plist;
				LD_RUNPATH_SEARCH_PATHS = "$(inherited) @executable_path/Frameworks";
				PRODUCT_BUNDLE_IDENTIFIER = com.devslope.PokeDex;
				PRODUCT_NAME = "$(TARGET_NAME)";
			};
			name = Debug;
		};
		16051C2B1BCE59B700FEFED9 /* Release */ = {
			isa = XCBuildConfiguration;
			buildSettings = {
				ASSETCATALOG_COMPILER_APPICON_NAME = AppIcon;
				INFOPLIST_FILE = PokeDex/Info.plist;
				LD_RUNPATH_SEARCH_PATHS = "$(inherited) @executable_path/Frameworks";
				PRODUCT_BUNDLE_IDENTIFIER = com.devslope.PokeDex;
				PRODUCT_NAME = "$(TARGET_NAME)";
			};
			name = Release;
		};
/* End XCBuildConfiguration section */

/* Begin XCConfigurationList section */
		16051C121BCE59B700FEFED9 /* Build configuration list for PBXProject "PokeDex" */ = {
			isa = XCConfigurationList;
			buildConfigurations = (
				16051C271BCE59B700FEFED9 /* Debug */,
				16051C281BCE59B700FEFED9 /* Release */,
			);
			defaultConfigurationIsVisible = 0;
			defaultConfigurationName = Release;
		};
		16051C291BCE59B700FEFED9 /* Build configuration list for PBXNativeTarget "PokeDex" */ = {
			isa = XCConfigurationList;
			buildConfigurations = (
				16051C2A1BCE59B700FEFED9 /* Debug */,
				16051C2B1BCE59B700FEFED9 /* Release */,
			);
			defaultConfigurationIsVisible = 0;
		};
/* End XCConfigurationList section */
	};
	rootObject = 16051C0F1BCE59B700FEFED9 /* Project object */;
}
